
Microsoft Visual Studio Solution File, Format Version 12.00
# Visual Studio Version 17
VisualStudioVersion = 17.3.32929.385
MinimumVisualStudioVersion = 10.0.40219.1
Project("{FAE04EC0-301F-11D3-BF4B-00C04F79EFBC}") = "EnergyUsage", "EnergyUsage\EnergyUsage.csproj", "{ADA9B4F6-1C4C-49FF-9DA7-333F2E05AEDC}"
EndProject
Project("{FAE04EC0-301F-11D3-BF4B-00C04F79EFBC}") = "TestEnergyUsage", "TestEnergyUsage\TestEnergyUsage.csproj", "{8852914F-5914-4720-BA01-BAE28F86F0CD}"
EndProject
Global
	GlobalSection(SolutionConfigurationPlatforms) = preSolution
		Debug|Any CPU = Debug|Any CPU
		Release|Any CPU = Release|Any CPU
	EndGlobalSection
	GlobalSection(ProjectConfigurationPlatforms) = postSolution
		{ADA9B4F6-1C4C-49FF-9DA7-333F2E05AEDC}.Debug|Any CPU.ActiveCfg = Debug|Any CPU
		{ADA9B4F6-1C4C-49FF-9DA7-333F2E05AEDC}.Debug|Any CPU.Build.0 = Debug|Any CPU
		{ADA9B4F6-1C4C-49FF-9DA7-333F2E05AEDC}.Release|Any CPU.ActiveCfg = Release|Any CPU
		{ADA9B4F6-1C4C-49FF-9DA7-333F2E05AEDC}.Release|Any CPU.Build.0 = Release|Any CPU
		{8852914F-5914-4720-BA01-BAE28F86F0CD}.Debug|Any CPU.ActiveCfg = Debug|Any CPU
		{8852914F-5914-4720-BA01-BAE28F86F0CD}.Debug|Any CPU.Build.0 = Debug|Any CPU
		{8852914F-5914-4720-BA01-BAE28F86F0CD}.Release|Any CPU.ActiveCfg = Release|Any CPU
		{8852914F-5914-4720-BA01-BAE28F86F0CD}.Release|Any CPU.Build.0 = Release|Any CPU
	EndGlobalSection
	GlobalSection(SolutionProperties) = preSolution
		HideSolutionNode = FALSE
	EndGlobalSection
	GlobalSection(ExtensibilityGlobals) = postSolution
		SolutionGuid = {483A21BE-4B2A-4DB1-AEC4-10F4BFC615E9}
	EndGlobalSection
EndGlobal
